PATH
  remote: .
  specs:
    sablon (0.0.21)
      nokogiri (>= 1.10.0)
      rubyzip (>= 1.1)

GEM
  remote: https://rubygems.org/
  specs:
    mini_portile2 (2.8.5)
    minitest (5.8.0)
    nokogiri (1.15.5)
      mini_portile2 (~> 2.8.2)
      racc (~> 1.4)
    racc (1.7.3)
    rake (10.4.2)
    rubyzip (2.3.2)
    xml-simple (1.1.5)

PLATFORMS
  ruby

DEPENDENCIES
  bundler (>= 1.6)
  minitest (~> 5.4)
  rake (~> 10.0)
  sablon!
  xml-simple

BUNDLED WITH
   1.17.3
